{
  "name": "ex03",
  "version": "1.0.0",
  "lockfileVersion": 2,
  "requires": true,
  "packages": {
    "": {
      "name": "ex03",
      "version": "1.0.0",
      "license": "ISC",
      "dependencies": {
        "@fancyapps/ui": "^4.0.31"
      }
    },
    "node_modules/@fancyapps/ui": {
      "version": "4.0.31",
      "resolved": "https://registry.npmjs.org/@fancyapps/ui/-/ui-4.0.31.tgz",
      "integrity": "sha512-D7+PMIloxSOFJyY+lXcNlVDhmssOmDT6PT5fqQUIiws2hT7PH29r0EKZxERmACSQpm6qrFkP7rSguzXWvRJduQ=="
    }
  },
  "dependencies": {
    "@fancyapps/ui": {
      "version": "4.0.31",
      "resolved": "https://registry.npmjs.org/@fancyapps/ui/-/ui-4.0.31.tgz",
      "integrity": "sha512-D7+PMIloxSOFJyY+lXcNlVDhmssOmDT6PT5fqQUIiws2hT7PH29r0EKZxERmACSQpm6qrFkP7rSguzXWvRJduQ=="
    }
  }
}
